
Microsoft Visual Studio Solution File, Format Version 12.00
# Visual Studio Version 17
VisualStudioVersion = 17.8.34330.188
MinimumVisualStudioVersion = 10.0.40219.1
Project("{8BC9CEB8-8B4A-11D0-8D11-00A0C91BC942}") = "DesignPatterns_C++", "DesignPatterns_C++\DesignPatterns_C++.vcxproj", "{D194735C-B552-432A-87CA-3ABBA7E7F854}"
EndProject
Global
	GlobalSection(SolutionConfigurationPlatforms) = preSolution
		Debug|x64 = Debug|x64
		Debug|x86 = Debug|x86
		Release|x64 = Release|x64
		Release|x86 = Release|x86
	EndGlobalSection
	GlobalSection(ProjectConfigurationPlatforms) = postSolution
		{D194735C-B552-432A-87CA-3ABBA7E7F854}.Debug|x64.ActiveCfg = Debug|x64
		{D194735C-B552-432A-87CA-3ABBA7E7F854}.Debug|x64.Build.0 = Debug|x64
		{D194735C-B552-432A-87CA-3ABBA7E7F854}.Debug|x86.ActiveCfg = Debug|Win32
		{D194735C-B552-432A-87CA-3ABBA7E7F854}.Debug|x86.Build.0 = Debug|Win32
		{D194735C-B552-432A-87CA-3ABBA7E7F854}.Release|x64.ActiveCfg = Release|x64
		{D194735C-B552-432A-87CA-3ABBA7E7F854}.Release|x64.Build.0 = Release|x64
		{D194735C-B552-432A-87CA-3ABBA7E7F854}.Release|x86.ActiveCfg = Release|Win32
		{D194735C-B552-432A-87CA-3ABBA7E7F854}.Release|x86.Build.0 = Release|Win32
	EndGlobalSection
	GlobalSection(SolutionProperties) = preSolution
		HideSolutionNode = FALSE
	EndGlobalSection
	GlobalSection(ExtensibilityGlobals) = postSolution
		SolutionGuid = {EFA52EFC-BEE1-4D20-AC4D-FF82323BBE52}
	EndGlobalSection
EndGlobal
